PODS:
  - Alamofire (5.4.1)
  - JWTDecode (2.5.0)
  - KeychainSwift (19.0.0)
  - Moya (14.0.0):
    - Moya/Core (= 14.0.0)
  - Moya/Core (14.0.0):
    - Alamofire (~> 5.0)
  - ObjectMapper (3.5.3)
  - RBS (0.3.4):
    - Alamofire (~> 5.2)
    - JWTDecode (~> 2.4)
    - KeychainSwift (~> 19.0)
    - Moya (~> 14.0)
    - ObjectMapper (~> 3.4)

DEPENDENCIES:
  - RBS (from `../`)

SPEC REPOS:
  trunk:
    - Alamofire
    - JWTDecode
    - KeychainSwift
    - Moya
    - ObjectMapper

EXTERNAL SOURCES:
  RBS:
    :path: "../"

SPEC CHECKSUMS:
  Alamofire: 2291f7d21ca607c491dd17642e5d40fdcda0e65c
  JWTDecode: d4c176a28a29f7e6f9abf5c90ad3002f69b98c7c
  KeychainSwift: a06190cf933ad46b1e0abc3d77d29c06331715c7
  Moya: 5b45dacb75adb009f97fde91c204c1e565d31916
  ObjectMapper: 97111c97e054a6ee25917662106689f0b4127b37
  RBS: 183bfbf25ca35c2f3b7b51e2239d21dc4efaddb1

PODFILE CHECKSUM: 5f1ae693af7fc58179c8f35b6e576d08e30f30be

COCOAPODS: 1.10.1
